
Microsoft Visual Studio Solution File, Format Version 12.00
# Visual Studio Version 17
VisualStudioVersion = 17.14.36429.23 d17.14
MinimumVisualStudioVersion = 10.0.40219.1
Project("{FAE04EC0-301F-11D3-BF4B-00C04F79EFBC}") = "TesteGit", "TesteGit.csproj", "{EA6DADBF-38E9-419D-8B16-1299FCC30349}"
EndProject
Global
	GlobalSection(SolutionConfigurationPlatforms) = preSolution
		Debug|Any CPU = Debug|Any CPU
		Release|Any CPU = Release|Any CPU
	EndGlobalSection
	GlobalSection(ProjectConfigurationPlatforms) = postSolution
		{EA6DADBF-38E9-419D-8B16-1299FCC30349}.Debug|Any CPU.ActiveCfg = Debug|Any CPU
		{EA6DADBF-38E9-419D-8B16-1299FCC30349}.Debug|Any CPU.Build.0 = Debug|Any CPU
		{EA6DADBF-38E9-419D-8B16-1299FCC30349}.Release|Any CPU.ActiveCfg = Release|Any CPU
		{EA6DADBF-38E9-419D-8B16-1299FCC30349}.Release|Any CPU.Build.0 = Release|Any CPU
	EndGlobalSection
	GlobalSection(SolutionProperties) = preSolution
		HideSolutionNode = FALSE
	EndGlobalSection
	GlobalSection(ExtensibilityGlobals) = postSolution
		SolutionGuid = {8CB3978C-6A93-4809-85F5-5DCE45E79675}
	EndGlobalSection
EndGlobal
